
Microsoft Visual Studio Solution File, Format Version 11.00
# Visual Studio 2010
Project("{FAE04EC0-301F-11D3-BF4B-00C04F79EFBC}") = "Assembly-CSharp", "Assembly-CSharp.csproj", "{4099a4f0-4a0d-6723-4451-ec881e8da1d3}"
EndProject
Project("{FAE04EC0-301F-11D3-BF4B-00C04F79EFBC}") = "TobiiXRDevTools", "TobiiXRDevTools.csproj", "{a3740c03-486f-5b66-71d0-2da73f993545}"
EndProject
Project("{FAE04EC0-301F-11D3-BF4B-00C04F79EFBC}") = "TobiiXRSDK", "TobiiXRSDK.csproj", "{65560243-b8da-5683-0be7-e0fe3aeb129a}"
EndProject
Project("{FAE04EC0-301F-11D3-BF4B-00C04F79EFBC}") = "TobiiXRCore", "TobiiXRCore.csproj", "{0228d771-048b-0f7b-a86c-d3bc57fd9cc4}"
EndProject
Project("{FAE04EC0-301F-11D3-BF4B-00C04F79EFBC}") = "TobiiXRG2OM", "TobiiXRG2OM.csproj", "{cc6c3341-2f6f-402a-20f8-8b084a02ba57}"
EndProject
Project("{FAE04EC0-301F-11D3-BF4B-00C04F79EFBC}") = "TobiiXRInternalEditor", "TobiiXRInternalEditor.csproj", "{14da8b95-d100-01b2-21fe-15d7098e4f26}"
EndProject
Project("{FAE04EC0-301F-11D3-BF4B-00C04F79EFBC}") = "TobiiXREditor", "TobiiXREditor.csproj", "{93358507-7b37-c4e9-32f0-96ffb6c61809}"
EndProject
Project("{FAE04EC0-301F-11D3-BF4B-00C04F79EFBC}") = "Assembly-CSharp-Editor", "Assembly-CSharp-Editor.csproj", "{e025d210-dfb7-ae41-7fbf-368fbd5bd34d}"
EndProject
Project("{FAE04EC0-301F-11D3-BF4B-00C04F79EFBC}") = "GazeModifierEditor", "GazeModifierEditor.csproj", "{5217c922-b6d1-933d-2c03-c19543accc7b}"
EndProject
Global
	GlobalSection(SolutionConfigurationPlatforms) = preSolution
		Debug|Any CPU = Debug|Any CPU
	EndGlobalSection
	GlobalSection(ProjectConfigurationPlatforms) = postSolution
		{4099a4f0-4a0d-6723-4451-ec881e8da1d3}.Debug|Any CPU.ActiveCfg = Debug|Any CPU
		{4099a4f0-4a0d-6723-4451-ec881e8da1d3}.Debug|Any CPU.Build.0 = Debug|Any CPU
		{a3740c03-486f-5b66-71d0-2da73f993545}.Debug|Any CPU.ActiveCfg = Debug|Any CPU
		{a3740c03-486f-5b66-71d0-2da73f993545}.Debug|Any CPU.Build.0 = Debug|Any CPU
		{65560243-b8da-5683-0be7-e0fe3aeb129a}.Debug|Any CPU.ActiveCfg = Debug|Any CPU
		{65560243-b8da-5683-0be7-e0fe3aeb129a}.Debug|Any CPU.Build.0 = Debug|Any CPU
		{0228d771-048b-0f7b-a86c-d3bc57fd9cc4}.Debug|Any CPU.ActiveCfg = Debug|Any CPU
		{0228d771-048b-0f7b-a86c-d3bc57fd9cc4}.Debug|Any CPU.Build.0 = Debug|Any CPU
		{cc6c3341-2f6f-402a-20f8-8b084a02ba57}.Debug|Any CPU.ActiveCfg = Debug|Any CPU
		{cc6c3341-2f6f-402a-20f8-8b084a02ba57}.Debug|Any CPU.Build.0 = Debug|Any CPU
		{14da8b95-d100-01b2-21fe-15d7098e4f26}.Debug|Any CPU.ActiveCfg = Debug|Any CPU
		{14da8b95-d100-01b2-21fe-15d7098e4f26}.Debug|Any CPU.Build.0 = Debug|Any CPU
		{93358507-7b37-c4e9-32f0-96ffb6c61809}.Debug|Any CPU.ActiveCfg = Debug|Any CPU
		{93358507-7b37-c4e9-32f0-96ffb6c61809}.Debug|Any CPU.Build.0 = Debug|Any CPU
		{e025d210-dfb7-ae41-7fbf-368fbd5bd34d}.Debug|Any CPU.ActiveCfg = Debug|Any CPU
		{e025d210-dfb7-ae41-7fbf-368fbd5bd34d}.Debug|Any CPU.Build.0 = Debug|Any CPU
		{5217c922-b6d1-933d-2c03-c19543accc7b}.Debug|Any CPU.ActiveCfg = Debug|Any CPU
		{5217c922-b6d1-933d-2c03-c19543accc7b}.Debug|Any CPU.Build.0 = Debug|Any CPU
	EndGlobalSection
	GlobalSection(SolutionProperties) = preSolution
		HideSolutionNode = FALSE
	EndGlobalSection
EndGlobal
