
Microsoft Visual Studio Solution File, Format Version 11.00
# Visual Studio 2010
Project("{FAE04EC0-301F-11D3-BF4B-00C04F79EFBC}") = "Assembly-CSharp", "Assembly-CSharp.csproj", "{717391cc-5465-9fed-48e5-a64aa918d6c5}"
EndProject
Project("{FAE04EC0-301F-11D3-BF4B-00C04F79EFBC}") = "TobiiXRDevTools", "TobiiXRDevTools.csproj", "{7455e9ce-4e8d-7bb5-0f41-7343098e36ec}"
EndProject
Project("{FAE04EC0-301F-11D3-BF4B-00C04F79EFBC}") = "TobiiXRSDK", "TobiiXRSDK.csproj", "{f7f65f0f-e462-1829-3053-7f21c9e5340d}"
EndProject
Project("{FAE04EC0-301F-11D3-BF4B-00C04F79EFBC}") = "TobiiXRCore", "TobiiXRCore.csproj", "{c43d2788-c7c2-a270-7a8e-417253c5524c}"
EndProject
Project("{FAE04EC0-301F-11D3-BF4B-00C04F79EFBC}") = "TobiiXRG2OM", "TobiiXRG2OM.csproj", "{54d1f4e5-beab-a6f4-4ed3-0bdf63c3080b}"
EndProject
Project("{FAE04EC0-301F-11D3-BF4B-00C04F79EFBC}") = "TobiiXRInternalEditor", "TobiiXRInternalEditor.csproj", "{aa8ea817-8768-b3d6-2668-13719ff0d50b}"
EndProject
Project("{FAE04EC0-301F-11D3-BF4B-00C04F79EFBC}") = "TobiiXREditor", "TobiiXREditor.csproj", "{b5eeb237-a047-8801-84aa-bdd947718403}"
EndProject
Project("{FAE04EC0-301F-11D3-BF4B-00C04F79EFBC}") = "Assembly-CSharp-Editor", "Assembly-CSharp-Editor.csproj", "{a7500715-dbd2-34f9-a996-bdb3b7f56d0c}"
EndProject
Project("{FAE04EC0-301F-11D3-BF4B-00C04F79EFBC}") = "GazeModifierEditor", "GazeModifierEditor.csproj", "{8fcbc1e4-6f5b-2440-120d-6b873d8ec306}"
EndProject
Global
	GlobalSection(SolutionConfigurationPlatforms) = preSolution
		Debug|Any CPU = Debug|Any CPU
	EndGlobalSection
	GlobalSection(ProjectConfigurationPlatforms) = postSolution
		{717391cc-5465-9fed-48e5-a64aa918d6c5}.Debug|Any CPU.ActiveCfg = Debug|Any CPU
		{717391cc-5465-9fed-48e5-a64aa918d6c5}.Debug|Any CPU.Build.0 = Debug|Any CPU
		{7455e9ce-4e8d-7bb5-0f41-7343098e36ec}.Debug|Any CPU.ActiveCfg = Debug|Any CPU
		{7455e9ce-4e8d-7bb5-0f41-7343098e36ec}.Debug|Any CPU.Build.0 = Debug|Any CPU
		{f7f65f0f-e462-1829-3053-7f21c9e5340d}.Debug|Any CPU.ActiveCfg = Debug|Any CPU
		{f7f65f0f-e462-1829-3053-7f21c9e5340d}.Debug|Any CPU.Build.0 = Debug|Any CPU
		{c43d2788-c7c2-a270-7a8e-417253c5524c}.Debug|Any CPU.ActiveCfg = Debug|Any CPU
		{c43d2788-c7c2-a270-7a8e-417253c5524c}.Debug|Any CPU.Build.0 = Debug|Any CPU
		{54d1f4e5-beab-a6f4-4ed3-0bdf63c3080b}.Debug|Any CPU.ActiveCfg = Debug|Any CPU
		{54d1f4e5-beab-a6f4-4ed3-0bdf63c3080b}.Debug|Any CPU.Build.0 = Debug|Any CPU
		{aa8ea817-8768-b3d6-2668-13719ff0d50b}.Debug|Any CPU.ActiveCfg = Debug|Any CPU
		{aa8ea817-8768-b3d6-2668-13719ff0d50b}.Debug|Any CPU.Build.0 = Debug|Any CPU
		{b5eeb237-a047-8801-84aa-bdd947718403}.Debug|Any CPU.ActiveCfg = Debug|Any CPU
		{b5eeb237-a047-8801-84aa-bdd947718403}.Debug|Any CPU.Build.0 = Debug|Any CPU
		{a7500715-dbd2-34f9-a996-bdb3b7f56d0c}.Debug|Any CPU.ActiveCfg = Debug|Any CPU
		{a7500715-dbd2-34f9-a996-bdb3b7f56d0c}.Debug|Any CPU.Build.0 = Debug|Any CPU
		{8fcbc1e4-6f5b-2440-120d-6b873d8ec306}.Debug|Any CPU.ActiveCfg = Debug|Any CPU
		{8fcbc1e4-6f5b-2440-120d-6b873d8ec306}.Debug|Any CPU.Build.0 = Debug|Any CPU
	EndGlobalSection
	GlobalSection(SolutionProperties) = preSolution
		HideSolutionNode = FALSE
	EndGlobalSection
EndGlobal
